{
  "version": "2",
  "remote": {
    "https://deno.land/std@0.196.0/assert/assert.ts": "9a97dad6d98c238938e7540736b826440ad8c1c1e54430ca4c4e623e585607ee",
    "https://deno.land/std@0.196.0/assert/assertion_error.ts": "4d0bde9b374dfbcbe8ac23f54f567b77024fb67dbb1906a852d67fe050d42f56",
    "https://deno.land/std@0.196.0/bytes/copy.ts": "939d89e302a9761dcf1d9c937c7711174ed74c59eef40a1e4569a05c9de88219",
    "https://deno.land/std@0.196.0/collections/_utils.ts": "5114abc026ddef71207a79609b984614e66a63a4bda17d819d56b0e72c51527e",
    "https://deno.land/std@0.196.0/collections/deep_merge.ts": "9db788ba56cb05b65c77166b789e58e125dff159b7f41bf4d19dc1cba19ecb8b",
    "https://deno.land/std@0.196.0/front_matter/any.ts": "e69b749d9690d0c914af607e46c816f7389c35df7a8990f1c230874628e97b38",
    "https://deno.land/std@0.196.0/front_matter/mod.ts": "f4a40ed1d5c41af2e664a661879c9dc0c9ca49199f6406da8b62c0aa2a2fb640",
    "https://deno.land/std@0.196.0/io/buffer.ts": "4d6883daeb2e698579c4064170515683d69f40f3de019bfe46c5cf31e74ae793",
    "https://deno.land/std@0.196.0/toml/_parser.ts": "ca98edfbdbc5741734134548db65d4c10ba60abbd739f10f949aa912664fd86e",
    "https://deno.land/std@0.196.0/toml/parse.ts": "e900bafdf35d802519842a303e07a62ea5282186960b3474e8083509ab1c7f0d",
    "https://deno.land/std@0.196.0/yaml/_error.ts": "b59e2c76ce5a47b1b9fa0ff9f96c1dd92ea1e1b17ce4347ece5944a95c3c1a84",
    "https://deno.land/std@0.196.0/yaml/_loader/loader.ts": "47b9592efcb390b58b1903cc471bfdf1fc71a0d2d2b31e37b5cae7d8804c7aed",
    "https://deno.land/std@0.196.0/yaml/_loader/loader_state.ts": "0841870b467169269d7c2dfa75cd288c319bc06f65edd9e42c29e5fced91c7a4",
    "https://deno.land/std@0.196.0/yaml/_mark.ts": "dcd8585dee585e024475e9f3fe27d29740670fb64ebb970388094cad0fc11d5d",
    "https://deno.land/std@0.196.0/yaml/_state.ts": "ef03d55ec235d48dcfbecc0ab3ade90bfae69a61094846e08003421c2cf5cfc6",
    "https://deno.land/std@0.196.0/yaml/_type/binary.ts": "d34d8c8d8ed521e270cfede3401c425b971af4f6c69da1e2cb32b172d42c7da7",
    "https://deno.land/std@0.196.0/yaml/_type/bool.ts": "5bfa75da84343d45347b521ba4e5aeace9fe6f53447405290d53315a3fc20e66",
    "https://deno.land/std@0.196.0/yaml/_type/float.ts": "056bd3cb9c5586238b20517511014fb24b0e36f98f9f6073e12da308b6b9808a",
    "https://deno.land/std@0.196.0/yaml/_type/function.ts": "ff574fe84a750695302864e1c31b93f12d14ada4bde79a5f93197fc33ad17471",
    "https://deno.land/std@0.196.0/yaml/_type/int.ts": "563ad074f0fa7aecf6b6c3d84135bcc95a8269dcc15de878de20ce868fd773fa",
    "https://deno.land/std@0.196.0/yaml/_type/map.ts": "7b105e4ab03a361c61e7e335a0baf4d40f06460b13920e5af3fb2783a1464000",
    "https://deno.land/std@0.196.0/yaml/_type/merge.ts": "8192bf3e4d637f32567917f48bb276043da9cf729cf594e5ec191f7cd229337e",
    "https://deno.land/std@0.196.0/yaml/_type/mod.ts": "060e2b3d38725094b77ea3a3f05fc7e671fced8e67ca18e525be98c4aa8f4bbb",
    "https://deno.land/std@0.196.0/yaml/_type/nil.ts": "606e8f0c44d73117c81abec822f89ef81e40f712258c74f186baa1af659b8887",
    "https://deno.land/std@0.196.0/yaml/_type/omap.ts": "cfe59a294726f5cea705c39a61fd2b08199cf48f4ccd6b040cb550ec0f38d0a1",
    "https://deno.land/std@0.196.0/yaml/_type/pairs.ts": "0032fdfe57558d21696a4f8cf5b5cfd1f698743177080affc18629685c905666",
    "https://deno.land/std@0.196.0/yaml/_type/regexp.ts": "1ce118de15b2da43b4bd8e4395f42d448b731acf3bdaf7c888f40789f9a95f8b",
    "https://deno.land/std@0.196.0/yaml/_type/seq.ts": "95333abeec8a7e4d967b8c8328b269e342a4bbdd2585395549b9c4f58c8533a2",
    "https://deno.land/std@0.196.0/yaml/_type/set.ts": "f28ba44e632ef2a6eb580486fd47a460445eeddbdf1dbc739c3e62486f566092",
    "https://deno.land/std@0.196.0/yaml/_type/str.ts": "a67a3c6e429d95041399e964015511779b1130ea5889fa257c48457bd3446e31",
    "https://deno.land/std@0.196.0/yaml/_type/timestamp.ts": "706ea80a76a73e48efaeb400ace087da1f927647b53ad6f754f4e06d51af087f",
    "https://deno.land/std@0.196.0/yaml/_type/undefined.ts": "94a316ca450597ccbc6750cbd79097ad0d5f3a019797eed3c841a040c29540ba",
    "https://deno.land/std@0.196.0/yaml/_utils.ts": "26b311f0d42a7ce025060bd6320a68b50e52fd24a839581eb31734cd48e20393",
    "https://deno.land/std@0.196.0/yaml/parse.ts": "1fbbda572bf3fff578b6482c0d8b85097a38de3176bf3ab2ca70c25fb0c960ef",
    "https://deno.land/std@0.196.0/yaml/schema.ts": "96908b78dc50c340074b93fc1598d5e7e2fe59103f89ff81e5a49b2dedf77a67",
    "https://deno.land/std@0.196.0/yaml/schema/core.ts": "fa406f18ceedc87a50e28bb90ec7a4c09eebb337f94ef17468349794fa828639",
    "https://deno.land/std@0.196.0/yaml/schema/default.ts": "0047e80ae8a4a93293bc4c557ae8a546aabd46bb7165b9d9b940d57b4d88bde9",
    "https://deno.land/std@0.196.0/yaml/schema/extended.ts": "0784416bf062d20a1626b53c03380e265b3e39b9409afb9f4cb7d659fd71e60d",
    "https://deno.land/std@0.196.0/yaml/schema/failsafe.ts": "d219ab5febc43f770917d8ec37735a4b1ad671149846cbdcade767832b42b92b",
    "https://deno.land/std@0.196.0/yaml/schema/json.ts": "5f41dd7c2f1ad545ef6238633ce9ee3d444dfc5a18101e1768bd5504bf90e5e5",
    "https://deno.land/std@0.196.0/yaml/schema/mod.ts": "4472e827bab5025e92bc2eb2eeefa70ecbefc64b2799b765c69af84822efef32",
    "https://deno.land/std@0.196.0/yaml/type.ts": "1aabb8e0a3f4229ce0a3526256f68826d9bdf65a36c8a3890ead8011fcba7670",
    "https://esm.sh/micromark-extension-gfm@3.0.0": "c1b0a815ffe65c0562bf45f0d0fb180b6ae7e96093a78027484825a86821b88f",
    "https://esm.sh/micromark-extension-math@3.0.0": "b22b4f29efdce8737704f8ea064f0ddcb5dfce8175989c81a4fdf55d1454d073",
    "https://esm.sh/micromark@3.2.0": "278302d6b4e8e8dcd98573ac425891837f7c1f5b2ab3cdf8a21154ff91ba776e",
    "https://esm.sh/v130/character-entities@2.0.2/denonext/character-entities.mjs": "9e8657f056310ac3ca8058eaf96cef695ee13a4bf6c302674796a882464f305c",
    "https://esm.sh/v130/decode-named-character-reference@1.0.2/denonext/decode-named-character-reference.mjs": "b1394c7ef994f6f25cf1e6b9c5606921a1d63b30fb4a5c677130096ff01a88ef",
    "https://esm.sh/v130/katex@0.16.8/denonext/katex.mjs": "0b1dc2246c54bb414196c79d99f4e7abc570e47bfb44def5ad80c0557e3e45af",
    "https://esm.sh/v130/micromark-core-commonmark@1.1.0/denonext/micromark-core-commonmark.mjs": "3812985f18babd446cb8b7a68f266388977a0a19bf6fc9b439da230fdd0b05bf",
    "https://esm.sh/v130/micromark-core-commonmark@2.0.0/denonext/micromark-core-commonmark.mjs": "4da21fc010e9a5435a869f4dd150f852dd75ff28ae787a91d0a9820d6524337d",
    "https://esm.sh/v130/micromark-extension-gfm-autolink-literal@2.0.0/denonext/micromark-extension-gfm-autolink-literal.mjs": "a3359b20957c2974d37615557acd423114c93b9b04f61a5b1f19ff0cd5d3c9d7",
    "https://esm.sh/v130/micromark-extension-gfm-footnote@2.0.0/denonext/micromark-extension-gfm-footnote.mjs": "c3592504357f25d622b9930e930531387e678e216dcbf1aeec27554dd226e4c3",
    "https://esm.sh/v130/micromark-extension-gfm-strikethrough@2.0.0/denonext/micromark-extension-gfm-strikethrough.mjs": "8e6770aab44bc8c24960f70a9b0650416f826a25efb51049f2152470b6032477",
    "https://esm.sh/v130/micromark-extension-gfm-table@2.0.0/denonext/micromark-extension-gfm-table.mjs": "4738d348e637113f081f435f81884fc2ddbd936747bb6518725be0a6d737fef0",
    "https://esm.sh/v130/micromark-extension-gfm-tagfilter@2.0.0/denonext/micromark-extension-gfm-tagfilter.mjs": "6e6faebfc624e00c5af52026393372174a7415aab2bc1d7cc16f2541f2977ba3",
    "https://esm.sh/v130/micromark-extension-gfm-task-list-item@2.0.1/denonext/micromark-extension-gfm-task-list-item.mjs": "d1c174f37232e49ab6e29aed74864afa77dd0939a46e29e803fbf1b7af390db7",
    "https://esm.sh/v130/micromark-extension-gfm@3.0.0/denonext/micromark-extension-gfm.mjs": "2930303b0ecf0790e4e0e28c6a6b0164b15f625afc367de0cc675db521959f35",
    "https://esm.sh/v130/micromark-extension-math@3.0.0/denonext/micromark-extension-math.mjs": "54bb1ae3f9c866b9f54a021ccf70434325b72edd98b61629cc36e2e0e2e2bac3",
    "https://esm.sh/v130/micromark-factory-destination@1.1.0/denonext/micromark-factory-destination.mjs": "b3ceb4309ad8d8330925a7c6edebcfa4c0ddc7c84ed489d94e96a5c3e093511a",
    "https://esm.sh/v130/micromark-factory-destination@2.0.0/denonext/micromark-factory-destination.mjs": "c14945544042dfcd160a1d370230f8e135123ee0adc2268452b8893d2ea26672",
    "https://esm.sh/v130/micromark-factory-label@1.1.0/denonext/micromark-factory-label.mjs": "4f9bf7eff9d1eec92ab4e0712ed260e85d58dc8ae5f993f224f8271f6028cdca",
    "https://esm.sh/v130/micromark-factory-label@2.0.0/denonext/micromark-factory-label.mjs": "ebf030a1f29d83ecf34a2b6a612e04e2252fe4e1df804bc4b0a84c7504ec11c9",
    "https://esm.sh/v130/micromark-factory-space@1.1.0/denonext/micromark-factory-space.mjs": "5393b2277e50dcdff86d4587382172b9e521e2ae30e069b6435355fe7080c430",
    "https://esm.sh/v130/micromark-factory-space@2.0.0/denonext/micromark-factory-space.mjs": "2534772e76c66dbb0159d1a9217153b51b89514bb7bad02f1cb29f2c511ffe5c",
    "https://esm.sh/v130/micromark-factory-title@1.1.0/denonext/micromark-factory-title.mjs": "b9841cafb1462f2882579f01b0e3b9aa76b7eef72d30c01f3e9ba684b4d553d1",
    "https://esm.sh/v130/micromark-factory-title@2.0.0/denonext/micromark-factory-title.mjs": "1b066f4173f1437c884d6f2212bb0f9811001d9a6024e0b2cc13c0eeb3b6313d",
    "https://esm.sh/v130/micromark-factory-whitespace@1.1.0/denonext/micromark-factory-whitespace.mjs": "e0ef57848a03b21a7b8fb1ec8ddfb265daf86a55457118d9335cb3133fe2701a",
    "https://esm.sh/v130/micromark-factory-whitespace@2.0.0/denonext/micromark-factory-whitespace.mjs": "942dbb13ea091068f40adc049d5bfc0c4d23362fd3aaa1b7191789f810f75d95",
    "https://esm.sh/v130/micromark-util-character@1.2.0/denonext/micromark-util-character.mjs": "be2f95646c829378e2f33d0e8b03e7e057f2387cd54f9c18c3d48a87fbc909c9",
    "https://esm.sh/v130/micromark-util-character@2.0.1/denonext/micromark-util-character.mjs": "18b451d148e1ccc3a9b18e5c4061d44a0485e8ec65ad805d20b2950a51c7213b",
    "https://esm.sh/v130/micromark-util-chunked@1.1.0/denonext/micromark-util-chunked.mjs": "896f816c52b791283f998076bcea3ff9a4bbd2bf858d96be6079400939ae8c9d",
    "https://esm.sh/v130/micromark-util-chunked@2.0.0/denonext/micromark-util-chunked.mjs": "531cf323ba53649fdc30cd39ebba54253dfd847a4b23f806058ecc6cf67bca69",
    "https://esm.sh/v130/micromark-util-classify-character@1.1.0/denonext/micromark-util-classify-character.mjs": "874e90c60a044ca592c1c0f0ea525d4d5f33bf0f66564ad4ec72f6e89b298f9e",
    "https://esm.sh/v130/micromark-util-classify-character@2.0.0/denonext/micromark-util-classify-character.mjs": "290004b739e287d4ee4c28f42f4e5199b3caea6c691b6ebab1bd5e548bb7e0b5",
    "https://esm.sh/v130/micromark-util-combine-extensions@1.1.0/denonext/micromark-util-combine-extensions.mjs": "59c02a19ca424380e735a81835598ce0b71aab347b4e3276efc87f3ba3f2d7c5",
    "https://esm.sh/v130/micromark-util-combine-extensions@2.0.0/denonext/micromark-util-combine-extensions.mjs": "fc640d99650e73bcff49eb73077f53b679d518f9abdcf0d342fbec4ed7c10428",
    "https://esm.sh/v130/micromark-util-decode-numeric-character-reference@1.1.0/denonext/micromark-util-decode-numeric-character-reference.mjs": "d9d2a8fc3648db44a49c0284d088db354b39c5623e1497c4127ad103594a7948",
    "https://esm.sh/v130/micromark-util-encode@1.1.0/denonext/micromark-util-encode.mjs": "e9c399d8913ebe2b736a8259fb061740fd8ad632e7f933e27fb67f442c7e48e3",
    "https://esm.sh/v130/micromark-util-encode@2.0.0/denonext/micromark-util-encode.mjs": "6077703d774b2fd968ef53977add5d5d1e39ca0db74c5ee4359c540a5febcf48",
    "https://esm.sh/v130/micromark-util-html-tag-name@1.2.0/denonext/micromark-util-html-tag-name.mjs": "81ed9b1fe3f6dd5290991b4bf39d034ddfd6cdbb4f5352ab61769e4c2eb3fbd3",
    "https://esm.sh/v130/micromark-util-html-tag-name@2.0.0/denonext/micromark-util-html-tag-name.mjs": "a32f6a4aa82498405a88103fd5b0b2e27a8c7f27dc506862f993bf1a1f1716b6",
    "https://esm.sh/v130/micromark-util-normalize-identifier@1.1.0/denonext/micromark-util-normalize-identifier.mjs": "27b873a22954a139d8215b722b0a867b4f1f718cd261ea3f884f997a0d3e0e08",
    "https://esm.sh/v130/micromark-util-normalize-identifier@2.0.0/denonext/micromark-util-normalize-identifier.mjs": "f5b933ea50544d63e505ef11b7f257b97c5056e06417bac15ec02d3f00174c0e",
    "https://esm.sh/v130/micromark-util-resolve-all@1.1.0/denonext/micromark-util-resolve-all.mjs": "ee8f55a86b2bfcc1be3d15bbd8b106755a51916ae4c75c962cc044f6b2a22d46",
    "https://esm.sh/v130/micromark-util-resolve-all@2.0.0/denonext/micromark-util-resolve-all.mjs": "c11d87d63d808a26231323012295490931159830a66c00854693ec9279fa09fd",
    "https://esm.sh/v130/micromark-util-sanitize-uri@1.2.0/denonext/micromark-util-sanitize-uri.mjs": "c2dc3925ffe931d1c2c37784e382fca717d1ad4f807471629bde6e8b6338d5f4",
    "https://esm.sh/v130/micromark-util-sanitize-uri@2.0.0/denonext/micromark-util-sanitize-uri.mjs": "92c4192f97884076b258b26768b195727c83dc6ea1315899782db83c81eb4a9a",
    "https://esm.sh/v130/micromark-util-subtokenize@1.1.0/denonext/micromark-util-subtokenize.mjs": "5fdbca9aa001299b9ab13fc35d8d5f47fee55793703bfd914bce03246b887212",
    "https://esm.sh/v130/micromark-util-subtokenize@2.0.0/denonext/micromark-util-subtokenize.mjs": "ddfbd03c2280add60f3590aeb7ec10894e1587fbd65d939293170e5070944aa0",
    "https://esm.sh/v130/micromark@3.2.0/denonext/lib/compile.js": "5e7c474c5b548872764037dccc84bea96de33e0f55ae13c44c4b779dac6f524a",
    "https://esm.sh/v130/micromark@3.2.0/denonext/lib/parse.js": "06948bf2586f66f4f96c12a10386a3cb20d8b72a0d738953cf5913e55ce06d16",
    "https://esm.sh/v130/micromark@3.2.0/denonext/lib/postprocess.js": "bc1177cff416aa55b6dfd44b7341cda767b6fee28842782f20bc50ff4cad4b88",
    "https://esm.sh/v130/micromark@3.2.0/denonext/lib/preprocess.js": "786db83c43e9d21f14bc37b6c05f061ca4a1db862ffed10c07ca1e6843f73fae",
    "https://esm.sh/v130/micromark@3.2.0/denonext/micromark.mjs": "e7ff9a0f94c82b176f7a096d7609a21b72478db94e5ed9778e7b33c41053f841"
  }
}
